# This file is autogenerated, do not edit; changes may be undone by the next 'dep ensure'.


[[projects]]
  name = "github.com/sebastianwebber/cmdr"
  packages = ["."]
  revision = "302ba52ffa7e5de62dd35074635b3785cffc98e3"
  version = "0.2.0"

[solve-meta]
  analyzer-name = "dep"
  analyzer-version = 1
  inputs-digest = "07be161bf01122226313a69fa21b55f761e81a3e685eb03659ea62696d5adc7c"
  solver-name = "gps-cdcl"
  solver-version = 1
